
Microsoft Visual Studio Solution File, Format Version 12.00
# Visual Studio Version 17
VisualStudioVersion = 17.4.33213.308
MinimumVisualStudioVersion = 10.0.40219.1
Project("{9A19103F-16F7-4668-BE54-9A1E7A4F7556}") = "SearchFunction", "SearchFunction\SearchFunction.csproj", "{3A5D023C-0134-4BC7-B3D8-C487884CBF99}"
EndProject
Project("{9A19103F-16F7-4668-BE54-9A1E7A4F7556}") = "ChangeFeedIndexerFunction", "ChangeFeedIndexerFunction\ChangeFeedIndexerFunction.csproj", "{9B68C52A-F018-482B-B851-696A140FC4AB}"
EndProject
Project("{9A19103F-16F7-4668-BE54-9A1E7A4F7556}") = "SearchDataModels", "SearchDataModels\SearchDataModels.csproj", "{5A339F53-881B-4723-8A38-A32043039905}"
EndProject
Project("{FAE04EC0-301F-11D3-BF4B-00C04F79EFBC}") = "SearchService.Shared", "SearchService.Shared\SearchService.Shared.csproj", "{8E163AC2-2DB6-4DD8-A318-F3EC9ED358F5}"
EndProject
Global
	GlobalSection(SolutionConfigurationPlatforms) = preSolution
		Debug|Any CPU = Debug|Any CPU
		Release|Any CPU = Release|Any CPU
	EndGlobalSection
	GlobalSection(ProjectConfigurationPlatforms) = postSolution
		{3A5D023C-0134-4BC7-B3D8-C487884CBF99}.Debug|Any CPU.ActiveCfg = Debug|Any CPU
		{3A5D023C-0134-4BC7-B3D8-C487884CBF99}.Debug|Any CPU.Build.0 = Debug|Any CPU
		{3A5D023C-0134-4BC7-B3D8-C487884CBF99}.Release|Any CPU.ActiveCfg = Release|Any CPU
		{3A5D023C-0134-4BC7-B3D8-C487884CBF99}.Release|Any CPU.Build.0 = Release|Any CPU
		{9B68C52A-F018-482B-B851-696A140FC4AB}.Debug|Any CPU.ActiveCfg = Debug|Any CPU
		{9B68C52A-F018-482B-B851-696A140FC4AB}.Debug|Any CPU.Build.0 = Debug|Any CPU
		{9B68C52A-F018-482B-B851-696A140FC4AB}.Release|Any CPU.ActiveCfg = Release|Any CPU
		{9B68C52A-F018-482B-B851-696A140FC4AB}.Release|Any CPU.Build.0 = Release|Any CPU
		{5A339F53-881B-4723-8A38-A32043039905}.Debug|Any CPU.ActiveCfg = Debug|Any CPU
		{5A339F53-881B-4723-8A38-A32043039905}.Debug|Any CPU.Build.0 = Debug|Any CPU
		{5A339F53-881B-4723-8A38-A32043039905}.Release|Any CPU.ActiveCfg = Release|Any CPU
		{5A339F53-881B-4723-8A38-A32043039905}.Release|Any CPU.Build.0 = Release|Any CPU
		{8E163AC2-2DB6-4DD8-A318-F3EC9ED358F5}.Debug|Any CPU.ActiveCfg = Debug|Any CPU
		{8E163AC2-2DB6-4DD8-A318-F3EC9ED358F5}.Debug|Any CPU.Build.0 = Debug|Any CPU
		{8E163AC2-2DB6-4DD8-A318-F3EC9ED358F5}.Release|Any CPU.ActiveCfg = Release|Any CPU
		{8E163AC2-2DB6-4DD8-A318-F3EC9ED358F5}.Release|Any CPU.Build.0 = Release|Any CPU
	EndGlobalSection
	GlobalSection(SolutionProperties) = preSolution
		HideSolutionNode = FALSE
	EndGlobalSection
	GlobalSection(ExtensibilityGlobals) = postSolution
		SolutionGuid = {690CC01A-4B81-4460-86F9-8AEB5E43DED1}
	EndGlobalSection
EndGlobal
